// !$*UTF8*$!
{
	archiveVersion = 1;
	classes = {
	};
	objectVersion = 46;
	objects = {

/* Begin PBXBuildFile section */
		0091D8F90E81B9330029341E /* OpenGL.framework in Frameworks */ = {isa = PBXBuildFile; fileRef = 0091D8F80E81B9330029341E /* OpenGL.framework */; };
		0097E3E50F3E9819005A4392 /* QuickTime.framework in Frameworks */ = {isa = PBXBuildFile; fileRef = 0097E3E40F3E9819005A4392 /* QuickTime.framework */; };
		00B784B30FF439BC000DE1D7 /* Accelerate.framework in Frameworks */ = {isa = PBXBuildFile; fileRef = 00B784AF0FF439BC000DE1D7 /* Accelerate.framework */; };
		00B784B40FF439BC000DE1D7 /* AudioToolbox.framework in Frameworks */ = {isa = PBXBuildFile; fileRef = 00B784B00FF439BC000DE1D7 /* AudioToolbox.framework */; };
		00B784B50FF439BC000DE1D7 /* AudioUnit.framework in Frameworks */ = {isa = PBXBuildFile; fileRef = 00B784B10FF439BC000DE1D7 /* AudioUnit.framework */; };
		00B784B60FF439BC000DE1D7 /* CoreAudio.framework in Frameworks */ = {isa = PBXBuildFile; fileRef = 00B784B20FF439BC000DE1D7 /* CoreAudio.framework */; };
		00BAE65A0E7ED9C10018A608 /* Cellv0App.cpp in Sources */ = {isa = PBXBuildFile; fileRef = 00BAE6590E7ED9C10018A608 /* Cellv0App.cpp */; };
		00CCAF15116A9FEE008396D5 /* CinderApp.icns in Resources */ = {isa = PBXBuildFile; fileRef = 00CCAF14116A9FEE008396D5 /* CinderApp.icns */; };
		5323E6B20EAFCA74003A9687 /* CoreVideo.framework in Frameworks */ = {isa = PBXBuildFile; fileRef = 5323E6B10EAFCA74003A9687 /* CoreVideo.framework */; };
		5323E6B60EAFCA7E003A9687 /* QTKit.framework in Frameworks */ = {isa = PBXBuildFile; fileRef = 5323E6B50EAFCA7E003A9687 /* QTKit.framework */; };
		53E3CDFC0E86099300238D2B /* Carbon.framework in Frameworks */ = {isa = PBXBuildFile; fileRef = 53E3CDFB0E86099300238D2B /* Carbon.framework */; };
		8D11072F0486CEB800E47090 /* Cocoa.framework in Frameworks */ = {isa = PBXBuildFile; fileRef = 1058C7A1FEA54F0111CA2CBB /* Cocoa.framework */; };
		D40EF5C716EEB5CC00A7C673 /* menu-no.png in Resources */ = {isa = PBXBuildFile; fileRef = D40EF5C416EEB5CC00A7C673 /* menu-no.png */; };
		D40EF5C816EEB5CC00A7C673 /* menu-yes.png in Resources */ = {isa = PBXBuildFile; fileRef = D40EF5C516EEB5CC00A7C673 /* menu-yes.png */; };
		D40EF5C916EEB5CC00A7C673 /* menu.png in Resources */ = {isa = PBXBuildFile; fileRef = D40EF5C616EEB5CC00A7C673 /* menu.png */; };
		D43FC2DD16EBAAF80088577B /* Bubble.cpp in Sources */ = {isa = PBXBuildFile; fileRef = D43FC2DB16EBAAF80088577B /* Bubble.cpp */; };
		D43FC2E016EBB4090088577B /* EnvironmentManager.cpp in Sources */ = {isa = PBXBuildFile; fileRef = D43FC2DE16EBB4080088577B /* EnvironmentManager.cpp */; };
		D43FC2E416EC1DE60088577B /* cell-splashscreen.png in Resources */ = {isa = PBXBuildFile; fileRef = D43FC2E316EC1DE60088577B /* cell-splashscreen.png */; };
		D4609A4F16EA19A30066DEFF /* Urchin.cpp in Sources */ = {isa = PBXBuildFile; fileRef = D4609A4D16EA19A30066DEFF /* Urchin.cpp */; };
		D4609A5416EA1A890066DEFF /* Friendly.cpp in Sources */ = {isa = PBXBuildFile; fileRef = D4609A5216EA1A890066DEFF /* Friendly.cpp */; };
		D4609A5716EA1B380066DEFF /* GameObject.cpp in Sources */ = {isa = PBXBuildFile; fileRef = D4609A5516EA1B380066DEFF /* GameObject.cpp */; };
		D4609A5A16EA1BAE0066DEFF /* Braitenberg.cpp in Sources */ = {isa = PBXBuildFile; fileRef = D4609A5816EA1BAE0066DEFF /* Braitenberg.cpp */; };
		D4609A5D16EA1BEE0066DEFF /* Player.cpp in Sources */ = {isa = PBXBuildFile; fileRef = D4609A5B16EA1BEE0066DEFF /* Player.cpp */; };
		D4609A6016EA1C410066DEFF /* EntityManager.cpp in Sources */ = {isa = PBXBuildFile; fileRef = D4609A5E16EA1C410066DEFF /* EntityManager.cpp */; };
		D4609A6616EA1D0C0066DEFF /* Spore.cpp in Sources */ = {isa = PBXBuildFile; fileRef = D4609A6416EA1D0B0066DEFF /* Spore.cpp */; };
		D4609A6916EA1D5C0066DEFF /* Egg.cpp in Sources */ = {isa = PBXBuildFile; fileRef = D4609A6716EA1D5B0066DEFF /* Egg.cpp */; };
		D4609A6C16EA1D870066DEFF /* Plankton.cpp in Sources */ = {isa = PBXBuildFile; fileRef = D4609A6A16EA1D870066DEFF /* Plankton.cpp */; };
		D4609A7216EA1DE40066DEFF /* Swimmer.cpp in Sources */ = {isa = PBXBuildFile; fileRef = D4609A7016EA1DE40066DEFF /* Swimmer.cpp */; };
		D4609A7516EA1E0B0066DEFF /* Jelly.cpp in Sources */ = {isa = PBXBuildFile; fileRef = D4609A7316EA1E0A0066DEFF /* Jelly.cpp */; };
		D4609A7816EA1E340066DEFF /* Starfish.cpp in Sources */ = {isa = PBXBuildFile; fileRef = D4609A7616EA1E330066DEFF /* Starfish.cpp */; };
		D4609A7B16EA1E6D0066DEFF /* Spark.cpp in Sources */ = {isa = PBXBuildFile; fileRef = D4609A7916EA1E6D0066DEFF /* Spark.cpp */; };
		D4609A7E16EA1EAA0066DEFF /* Tail.cpp in Sources */ = {isa = PBXBuildFile; fileRef = D4609A7C16EA1EA90066DEFF /* Tail.cpp */; };
		D4609A8116EA1ECD0066DEFF /* Finite.cpp in Sources */ = {isa = PBXBuildFile; fileRef = D4609A7F16EA1ECD0066DEFF /* Finite.cpp */; };
		D4609A8416EA1EF40066DEFF /* Dust.cpp in Sources */ = {isa = PBXBuildFile; fileRef = D4609A8216EA1EF30066DEFF /* Dust.cpp */; };
		D4609A8716EA1F940066DEFF /* Splash.cpp in Sources */ = {isa = PBXBuildFile; fileRef = D4609A8516EA1F930066DEFF /* Splash.cpp */; };
		D4609A8A16EA1FE10066DEFF /* Feeler.cpp in Sources */ = {isa = PBXBuildFile; fileRef = D4609A8816EA1FE00066DEFF /* Feeler.cpp */; };
		D4609A8D16EA21D90066DEFF /* Globals.cpp in Sources */ = {isa = PBXBuildFile; fileRef = D4609A8B16EA21D70066DEFF /* Globals.cpp */; };
		D4609A8F16EA26C20066DEFF /* beam.png in Resources */ = {isa = PBXBuildFile; fileRef = D4609A8E16EA26C20066DEFF /* beam.png */; };
		D4609AA116EA26D70066DEFF /* bubble.png in Resources */ = {isa = PBXBuildFile; fileRef = D4609A9016EA26D60066DEFF /* bubble.png */; };
		D4609AA216EA26D70066DEFF /* egg.png in Resources */ = {isa = PBXBuildFile; fileRef = D4609A9116EA26D60066DEFF /* egg.png */; };
		D4609AA316EA26D70066DEFF /* friendly.png in Resources */ = {isa = PBXBuildFile; fileRef = D4609A9216EA26D60066DEFF /* friendly.png */; };
		D4609AA416EA26D70066DEFF /* jelly_blue.png in Resources */ = {isa = PBXBuildFile; fileRef = D4609A9316EA26D60066DEFF /* jelly_blue.png */; };
		D4609AA516EA26D70066DEFF /* jelly_green.png in Resources */ = {isa = PBXBuildFile; fileRef = D4609A9416EA26D60066DEFF /* jelly_green.png */; };
		D4609AA616EA26D70066DEFF /* jelly_pink.png in Resources */ = {isa = PBXBuildFile; fileRef = D4609A9516EA26D60066DEFF /* jelly_pink.png */; };
		D4609AA716EA26D70066DEFF /* plankton_big.png in Resources */ = {isa = PBXBuildFile; fileRef = D4609A9616EA26D60066DEFF /* plankton_big.png */; };
		D4609AA816EA26D70066DEFF /* plankton_four.png in Resources */ = {isa = PBXBuildFile; fileRef = D4609A9716EA26D60066DEFF /* plankton_four.png */; };
		D4609AA916EA26D70066DEFF /* plankton_long.png in Resources */ = {isa = PBXBuildFile; fileRef = D4609A9816EA26D60066DEFF /* plankton_long.png */; };
		D4609AAA16EA26D70066DEFF /* plankton_square.png in Resources */ = {isa = PBXBuildFile; fileRef = D4609A9916EA26D60066DEFF /* plankton_square.png */; };
		D4609AAB16EA26D70066DEFF /* plankton_three.png in Resources */ = {isa = PBXBuildFile; fileRef = D4609A9A16EA26D60066DEFF /* plankton_three.png */; };
		D4609AAC16EA26D70066DEFF /* plankton_tri.png in Resources */ = {isa = PBXBuildFile; fileRef = D4609A9B16EA26D60066DEFF /* plankton_tri.png */; };
		D4609AAE16EA26D70066DEFF /* spore_green.png in Resources */ = {isa = PBXBuildFile; fileRef = D4609A9D16EA26D60066DEFF /* spore_green.png */; };
		D4609AAF16EA26D70066DEFF /* spore_orange.png in Resources */ = {isa = PBXBuildFile; fileRef = D4609A9E16EA26D70066DEFF /* spore_orange.png */; };
		D4609AB016EA26D70066DEFF /* spore_pink.png in Resources */ = {isa = PBXBuildFile; fileRef = D4609A9F16EA26D70066DEFF /* spore_pink.png */; };
		D4609AB116EA26D70066DEFF /* twirl.png in Resources */ = {isa = PBXBuildFile; fileRef = D4609AA016EA26D70066DEFF /* twirl.png */; };
		D4609AB716EA276B0066DEFF /* player_oneeye.png in Resources */ = {isa = PBXBuildFile; fileRef = D4609AB216EA276B0066DEFF /* player_oneeye.png */; };
		D4609AB816EA276B0066DEFF /* player_one_eye.png in Resources */ = {isa = PBXBuildFile; fileRef = D4609AB316EA276B0066DEFF /* player_one_eye.png */; };
		D4609AB916EA276B0066DEFF /* player_ring.png in Resources */ = {isa = PBXBuildFile; fileRef = D4609AB416EA276B0066DEFF /* player_ring.png */; };
		D4609ABA16EA276B0066DEFF /* player_simple.png in Resources */ = {isa = PBXBuildFile; fileRef = D4609AB516EA276B0066DEFF /* player_simple.png */; };
		D4609ABB16EA276B0066DEFF /* player_twoeye.png in Resources */ = {isa = PBXBuildFile; fileRef = D4609AB616EA276B0066DEFF /* player_twoeye.png */; };
		D4609ABD16EA28270066DEFF /* plankton_one.png in Resources */ = {isa = PBXBuildFile; fileRef = D4609ABC16EA28270066DEFF /* plankton_one.png */; };
		D4609AC316EA2CED0066DEFF /* OSCManager.cpp in Sources */ = {isa = PBXBuildFile; fileRef = D4609AC116EA2CED0066DEFF /* OSCManager.cpp */; };
		D4609AE816EA3EC30066DEFF /* Mask.cpp in Sources */ = {isa = PBXBuildFile; fileRef = D4609AE616EA3EC20066DEFF /* Mask.cpp */; };
		D4609AEB16EA3F300066DEFF /* Beam.cpp in Sources */ = {isa = PBXBuildFile; fileRef = D4609AE916EA3F300066DEFF /* Beam.cpp */; };
		D4609AEE16EA400B0066DEFF /* Images.cpp in Sources */ = {isa = PBXBuildFile; fileRef = D4609AEC16EA40090066DEFF /* Images.cpp */; };
		D4609AF016EA486B0066DEFF /* mask-1.png in Resources */ = {isa = PBXBuildFile; fileRef = D4609AEF16EA486B0066DEFF /* mask-1.png */; };
		D4609AF616EA4CD90066DEFF /* Spring.cpp in Sources */ = {isa = PBXBuildFile; fileRef = D4609AF416EA4CD80066DEFF /* Spring.cpp */; };
		D461A93C16EF66300035AC50 /* SeaSurface.cpp in Sources */ = {isa = PBXBuildFile; fileRef = D461A93A16EF66300035AC50 /* SeaSurface.cpp */; };
		D474FDCF16F14C8C00CCCF99 /* button_600.png in Resources */ = {isa = PBXBuildFile; fileRef = D474FDC916F14C8C00CCCF99 /* button_600.png */; };
		D474FDD016F14C8C00CCCF99 /* button_800.png in Resources */ = {isa = PBXBuildFile; fileRef = D474FDCA16F14C8C00CCCF99 /* button_800.png */; };
		D474FDD116F14C8C00CCCF99 /* button_quit.png in Resources */ = {isa = PBXBuildFile; fileRef = D474FDCB16F14C8C00CCCF99 /* button_quit.png */; };
		D474FDD216F14C8C00CCCF99 /* button_resume.png in Resources */ = {isa = PBXBuildFile; fileRef = D474FDCC16F14C8C00CCCF99 /* button_resume.png */; };
		D474FDD316F14C8C00CCCF99 /* buttun_1200.png in Resources */ = {isa = PBXBuildFile; fileRef = D474FDCD16F14C8C00CCCF99 /* buttun_1200.png */; };
		D474FDD416F14C8C00CCCF99 /* menu_back.png in Resources */ = {isa = PBXBuildFile; fileRef = D474FDCE16F14C8C00CCCF99 /* menu_back.png */; };
		D474FDD616F1581D00CCCF99 /* settingsmenu.png in Resources */ = {isa = PBXBuildFile; fileRef = D474FDD516F1581D00CCCF99 /* settingsmenu.png */; };
		D4A2C6F61701F37E00BA1399 /* SeaFloor.cpp in Sources */ = {isa = PBXBuildFile; fileRef = D4A2C6F41701F37E00BA1399 /* SeaFloor.cpp */; };
		D4BDE7C316EB6CF900FF6E76 /* osc.a in Frameworks */ = {isa = PBXBuildFile; fileRef = D4BDE77E16EB6CF700FF6E76 /* osc.a */; };
		D4BDE7C416EB6CF900FF6E76 /* osc.a in Frameworks */ = {isa = PBXBuildFile; fileRef = D4BDE78016EB6CF700FF6E76 /* osc.a */; };
		D4BDE7DE16EB6CF900FF6E76 /* OscBundle.cpp in Sources */ = {isa = PBXBuildFile; fileRef = D4BDE7BF16EB6CF900FF6E76 /* OscBundle.cpp */; };
		D4BDE7DF16EB6CF900FF6E76 /* OscListener.cpp in Sources */ = {isa = PBXBuildFile; fileRef = D4BDE7C016EB6CF900FF6E76 /* OscListener.cpp */; };
		D4BDE7E016EB6CF900FF6E76 /* OscMessage.cpp in Sources */ = {isa = PBXBuildFile; fileRef = D4BDE7C116EB6CF900FF6E76 /* OscMessage.cpp */; };
		D4BDE7E116EB6CF900FF6E76 /* OscSender.cpp in Sources */ = {isa = PBXBuildFile; fileRef = D4BDE7C216EB6CF900FF6E76 /* OscSender.cpp */; };
		D4E7B18A16F0F9A3008C7410 /* Menu.cpp in Sources */ = {isa = PBXBuildFile; fileRef = D4E7B18816F0F9A3008C7410 /* Menu.cpp */; };
/* End PBXBuildFile section */

/* Begin PBXFileReference section */
		0091D8F80E81B9330029341E /* OpenGL.framework */ = {isa = PBXFileReference; lastKnownFileType = wrapper.framework; name = OpenGL.framework; path = /System/Library/Frameworks/OpenGL.framework; sourceTree = "<absolute>"; };
		0097E3E40F3E9819005A4392 /* QuickTime.framework */ = {isa = PBXFileReference; lastKnownFileType = wrapper.framework; name = QuickTime.framework; path = /System/Library/Frameworks/QuickTime.framework; sourceTree = "<absolute>"; };
		00B784AF0FF439BC000DE1D7 /* Accelerate.framework */ = {isa = PBXFileReference; lastKnownFileType = wrapper.framework; name = Accelerate.framework; path = System/Library/Frameworks/Accelerate.framework; sourceTree = SDKROOT; };
		00B784B00FF439BC000DE1D7 /* AudioToolbox.framework */ = {isa = PBXFileReference; lastKnownFileType = wrapper.framework; name = AudioToolbox.framework; path = System/Library/Frameworks/AudioToolbox.framework; sourceTree = SDKROOT; };
		00B784B10FF439BC000DE1D7 /* AudioUnit.framework */ = {isa = PBXFileReference; lastKnownFileType = wrapper.framework; name = AudioUnit.framework; path = System/Library/Frameworks/AudioUnit.framework; sourceTree = SDKROOT; };
		00B784B20FF439BC000DE1D7 /* CoreAudio.framework */ = {isa = PBXFileReference; lastKnownFileType = wrapper.framework; name = CoreAudio.framework; path = System/Library/Frameworks/CoreAudio.framework; sourceTree = SDKROOT; };
		00BAE6590E7ED9C10018A608 /* Cellv0App.cpp */ = {isa = PBXFileReference; fileEncoding = 4; lastKnownFileType = sourcecode.cpp.cpp; name = Cellv0App.cpp; path = ../src/Cellv0App.cpp; sourceTree = SOURCE_ROOT; };
		00CCAF14116A9FEE008396D5 /* CinderApp.icns */ = {isa = PBXFileReference; lastKnownFileType = image.icns; path = CinderApp.icns; sourceTree = SOURCE_ROOT; };
		1058C7A1FEA54F0111CA2CBB /* Cocoa.framework */ = {isa = PBXFileReference; lastKnownFileType = wrapper.framework; name = Cocoa.framework; path = /System/Library/Frameworks/Cocoa.framework; sourceTree = "<absolute>"; };
		13E42FB307B3F0F600E4EEF1 /* CoreData.framework */ = {isa = PBXFileReference; lastKnownFileType = wrapper.framework; name = CoreData.framework; path = /System/Library/Frameworks/CoreData.framework; sourceTree = "<absolute>"; };
		29B97324FDCFA39411CA2CEA /* AppKit.framework */ = {isa = PBXFileReference; lastKnownFileType = wrapper.framework; name = AppKit.framework; path = /System/Library/Frameworks/AppKit.framework; sourceTree = "<absolute>"; };
		29B97325FDCFA39411CA2CEA /* Foundation.framework */ = {isa = PBXFileReference; lastKnownFileType = wrapper.framework; name = Foundation.framework; path = /System/Library/Frameworks/Foundation.framework; sourceTree = "<absolute>"; };
		32CA4F630368D1EE00C91783 /* Cellv0_Prefix.pch */ = {isa = PBXFileReference; fileEncoding = 4; lastKnownFileType = sourcecode.c.h; path = Cellv0_Prefix.pch; sourceTree = "<group>"; };
		5323E6B10EAFCA74003A9687 /* CoreVideo.framework */ = {isa = PBXFileReference; lastKnownFileType = wrapper.framework; name = CoreVideo.framework; path = /System/Library/Frameworks/CoreVideo.framework; sourceTree = "<absolute>"; };
		5323E6B50EAFCA7E003A9687 /* QTKit.framework */ = {isa = PBXFileReference; lastKnownFileType = wrapper.framework; name = QTKit.framework; path = /System/Library/Frameworks/QTKit.framework; sourceTree = "<absolute>"; };
		53E3CDFB0E86099300238D2B /* Carbon.framework */ = {isa = PBXFileReference; lastKnownFileType = wrapper.framework; name = Carbon.framework; path = /System/Library/Frameworks/Carbon.framework; sourceTree = "<absolute>"; };
		8D1107310486CEB800E47090 /* Info.plist */ = {isa = PBXFileReference; fileEncoding = 4; lastKnownFileType = text.plist.xml; path = Info.plist; sourceTree = "<group>"; };
		8D1107320486CEB800E47090 /* Cellv0.app */ = {isa = PBXFileReference; explicitFileType = wrapper.application; includeInIndex = 0; path = Cellv0.app; sourceTree = BUILT_PRODUCTS_DIR; };
		D40EF5C416EEB5CC00A7C673 /* menu-no.png */ = {isa = PBXFileReference; lastKnownFileType = image.png; path = "menu-no.png"; sourceTree = "<group>"; };
		D40EF5C516EEB5CC00A7C673 /* menu-yes.png */ = {isa = PBXFileReference; lastKnownFileType = image.png; path = "menu-yes.png"; sourceTree = "<group>"; };
		D40EF5C616EEB5CC00A7C673 /* menu.png */ = {isa = PBXFileReference; lastKnownFileType = image.png; path = menu.png; sourceTree = "<group>"; };
		D43FC2DB16EBAAF80088577B /* Bubble.cpp */ = {isa = PBXFileReference; fileEncoding = 4; lastKnownFileType = sourcecode.cpp.cpp; name = Bubble.cpp; path = ../src/Environment/Bubble.cpp; sourceTree = "<group>"; };
		D43FC2DC16EBAAF80088577B /* Bubble.h */ = {isa = PBXFileReference; fileEncoding = 4; lastKnownFileType = sourcecode.c.h; name = Bubble.h; path = ../src/Environment/Bubble.h; sourceTree = "<group>"; };
		D43FC2DE16EBB4080088577B /* EnvironmentManager.cpp */ = {isa = PBXFileReference; fileEncoding = 4; lastKnownFileType = sourcecode.cpp.cpp; name = EnvironmentManager.cpp; path = ../src/Environment/EnvironmentManager.cpp; sourceTree = "<group>"; };
		D43FC2DF16EBB4090088577B /* EnvironmentManager.h */ = {isa = PBXFileReference; fileEncoding = 4; lastKnownFileType = sourcecode.c.h; name = EnvironmentManager.h; path = ../src/Environment/EnvironmentManager.h; sourceTree = "<group>"; };
		D43FC2E316EC1DE60088577B /* cell-splashscreen.png */ = {isa = PBXFileReference; lastKnownFileType = image.png; name = "cell-splashscreen.png"; path = "../resources/images/cell-splashscreen.png"; sourceTree = "<group>"; };
		D4609A4D16EA19A30066DEFF /* Urchin.cpp */ = {isa = PBXFileReference; fileEncoding = 4; lastKnownFileType = sourcecode.cpp.cpp; name = Urchin.cpp; path = ../src/Interact/Urchin.cpp; sourceTree = "<group>"; };
		D4609A4E16EA19A30066DEFF /* Urchin.h */ = {isa = PBXFileReference; fileEncoding = 4; lastKnownFileType = sourcecode.c.h; name = Urchin.h; path = ../src/Interact/Urchin.h; sourceTree = "<group>"; };
		D4609A5216EA1A890066DEFF /* Friendly.cpp */ = {isa = PBXFileReference; fileEncoding = 4; lastKnownFileType = sourcecode.cpp.cpp; name = Friendly.cpp; path = ../src/Interact/Friendly.cpp; sourceTree = "<group>"; };
		D4609A5316EA1A890066DEFF /* Friendly.h */ = {isa = PBXFileReference; fileEncoding = 4; lastKnownFileType = sourcecode.c.h; name = Friendly.h; path = ../src/Interact/Friendly.h; sourceTree = "<group>"; };
		D4609A5516EA1B380066DEFF /* GameObject.cpp */ = {isa = PBXFileReference; fileEncoding = 4; lastKnownFileType = sourcecode.cpp.cpp; name = GameObject.cpp; path = ../src/GameObject.cpp; sourceTree = "<group>"; };
		D4609A5616EA1B380066DEFF /* GameObject.h */ = {isa = PBXFileReference; fileEncoding = 4; lastKnownFileType = sourcecode.c.h; name = GameObject.h; path = ../src/GameObject.h; sourceTree = "<group>"; };
		D4609A5816EA1BAE0066DEFF /* Braitenberg.cpp */ = {isa = PBXFileReference; fileEncoding = 4; lastKnownFileType = sourcecode.cpp.cpp; name = Braitenberg.cpp; path = ../src/Braitenberg.cpp; sourceTree = "<group>"; };
		D4609A5916EA1BAE0066DEFF /* Braitenberg.h */ = {isa = PBXFileReference; fileEncoding = 4; lastKnownFileType = sourcecode.c.h; name = Braitenberg.h; path = ../src/Braitenberg.h; sourceTree = "<group>"; };
		D4609A5B16EA1BEE0066DEFF /* Player.cpp */ = {isa = PBXFileReference; fileEncoding = 4; lastKnownFileType = sourcecode.cpp.cpp; name = Player.cpp; path = ../src/Player.cpp; sourceTree = "<group>"; wrapsLines = 0; };
		D4609A5C16EA1BEE0066DEFF /* Player.h */ = {isa = PBXFileReference; fileEncoding = 4; lastKnownFileType = sourcecode.c.h; name = Player.h; path = ../src/Player.h; sourceTree = "<group>"; };
		D4609A5E16EA1C410066DEFF /* EntityManager.cpp */ = {isa = PBXFileReference; fileEncoding = 4; lastKnownFileType = sourcecode.cpp.cpp; name = EntityManager.cpp; path = ../src/EntityManager.cpp; sourceTree = "<group>"; };
		D4609A5F16EA1C410066DEFF /* EntityManager.h */ = {isa = PBXFileReference; fileEncoding = 4; lastKnownFileType = sourcecode.c.h; name = EntityManager.h; path = ../src/EntityManager.h; sourceTree = "<group>"; };
		D4609A6416EA1D0B0066DEFF /* Spore.cpp */ = {isa = PBXFileReference; fileEncoding = 4; lastKnownFileType = sourcecode.cpp.cpp; name = Spore.cpp; path = ../src/Interact/Spore.cpp; sourceTree = "<group>"; };
		D4609A6516EA1D0C0066DEFF /* Spore.h */ = {isa = PBXFileReference; fileEncoding = 4; lastKnownFileType = sourcecode.c.h; name = Spore.h; path = ../src/Interact/Spore.h; sourceTree = "<group>"; };
		D4609A6716EA1D5B0066DEFF /* Egg.cpp */ = {isa = PBXFileReference; fileEncoding = 4; lastKnownFileType = sourcecode.cpp.cpp; name = Egg.cpp; path = ../src/Interact/Egg.cpp; sourceTree = "<group>"; };
		D4609A6816EA1D5C0066DEFF /* Egg.h */ = {isa = PBXFileReference; fileEncoding = 4; lastKnownFileType = sourcecode.c.h; name = Egg.h; path = ../src/Interact/Egg.h; sourceTree = "<group>"; };
		D4609A6A16EA1D870066DEFF /* Plankton.cpp */ = {isa = PBXFileReference; fileEncoding = 4; lastKnownFileType = sourcecode.cpp.cpp; name = Plankton.cpp; path = ../src/Interact/Plankton.cpp; sourceTree = "<group>"; };
		D4609A6B16EA1D870066DEFF /* Plankton.h */ = {isa = PBXFileReference; fileEncoding = 4; lastKnownFileType = sourcecode.c.h; name = Plankton.h; path = ../src/Interact/Plankton.h; sourceTree = "<group>"; };
		D4609A7016EA1DE40066DEFF /* Swimmer.cpp */ = {isa = PBXFileReference; fileEncoding = 4; lastKnownFileType = sourcecode.cpp.cpp; name = Swimmer.cpp; path = ../src/Interact/Swimmer.cpp; sourceTree = "<group>"; };
		D4609A7116EA1DE40066DEFF /* Swimmer.h */ = {isa = PBXFileReference; fileEncoding = 4; lastKnownFileType = sourcecode.c.h; name = Swimmer.h; path = ../src/Interact/Swimmer.h; sourceTree = "<group>"; };
		D4609A7316EA1E0A0066DEFF /* Jelly.cpp */ = {isa = PBXFileReference; fileEncoding = 4; lastKnownFileType = sourcecode.cpp.cpp; name = Jelly.cpp; path = ../src/Interact/Jelly.cpp; sourceTree = "<group>"; };
		D4609A7416EA1E0B0066DEFF /* Jelly.h */ = {isa = PBXFileReference; fileEncoding = 4; lastKnownFileType = sourcecode.c.h; name = Jelly.h; path = ../src/Interact/Jelly.h; sourceTree = "<group>"; };
		D4609A7616EA1E330066DEFF /* Starfish.cpp */ = {isa = PBXFileReference; fileEncoding = 4; lastKnownFileType = sourcecode.cpp.cpp; name = Starfish.cpp; path = ../src/Interact/Starfish.cpp; sourceTree = "<group>"; };
		D4609A7716EA1E340066DEFF /* Starfish.h */ = {isa = PBXFileReference; fileEncoding = 4; lastKnownFileType = sourcecode.c.h; name = Starfish.h; path = ../src/Interact/Starfish.h; sourceTree = "<group>"; };
		D4609A7916EA1E6D0066DEFF /* Spark.cpp */ = {isa = PBXFileReference; fileEncoding = 4; lastKnownFileType = sourcecode.cpp.cpp; name = Spark.cpp; path = ../src/Interact/Spark.cpp; sourceTree = "<group>"; };
		D4609A7A16EA1E6D0066DEFF /* Spark.h */ = {isa = PBXFileReference; fileEncoding = 4; lastKnownFileType = sourcecode.c.h; name = Spark.h; path = ../src/Interact/Spark.h; sourceTree = "<group>"; };
		D4609A7C16EA1EA90066DEFF /* Tail.cpp */ = {isa = PBXFileReference; fileEncoding = 4; lastKnownFileType = sourcecode.cpp.cpp; name = Tail.cpp; path = ../src/Tail.cpp; sourceTree = "<group>"; };
		D4609A7D16EA1EA90066DEFF /* Tail.h */ = {isa = PBXFileReference; fileEncoding = 4; lastKnownFileType = sourcecode.c.h; name = Tail.h; path = ../src/Tail.h; sourceTree = "<group>"; };
		D4609A7F16EA1ECD0066DEFF /* Finite.cpp */ = {isa = PBXFileReference; fileEncoding = 4; lastKnownFileType = sourcecode.cpp.cpp; name = Finite.cpp; path = ../src/Finite.cpp; sourceTree = "<group>"; };
		D4609A8016EA1ECD0066DEFF /* Finite.h */ = {isa = PBXFileReference; fileEncoding = 4; lastKnownFileType = sourcecode.c.h; name = Finite.h; path = ../src/Finite.h; sourceTree = "<group>"; };
		D4609A8216EA1EF30066DEFF /* Dust.cpp */ = {isa = PBXFileReference; fileEncoding = 4; lastKnownFileType = sourcecode.cpp.cpp; name = Dust.cpp; path = ../src/Dust.cpp; sourceTree = "<group>"; };
		D4609A8316EA1EF30066DEFF /* Dust.h */ = {isa = PBXFileReference; fileEncoding = 4; lastKnownFileType = sourcecode.c.h; name = Dust.h; path = ../src/Dust.h; sourceTree = "<group>"; };
		D4609A8516EA1F930066DEFF /* Splash.cpp */ = {isa = PBXFileReference; fileEncoding = 4; lastKnownFileType = sourcecode.cpp.cpp; name = Splash.cpp; path = ../src/Environment/Splash.cpp; sourceTree = "<group>"; };
		D4609A8616EA1F940066DEFF /* Splash.h */ = {isa = PBXFileReference; fileEncoding = 4; lastKnownFileType = sourcecode.c.h; name = Splash.h; path = ../src/Environment/Splash.h; sourceTree = "<group>"; };
		D4609A8816EA1FE00066DEFF /* Feeler.cpp */ = {isa = PBXFileReference; fileEncoding = 4; lastKnownFileType = sourcecode.cpp.cpp; name = Feeler.cpp; path = ../src/Feeler.cpp; sourceTree = "<group>"; };
		D4609A8916EA1FE00066DEFF /* Feeler.h */ = {isa = PBXFileReference; fileEncoding = 4; lastKnownFileType = sourcecode.c.h; name = Feeler.h; path = ../src/Feeler.h; sourceTree = "<group>"; };
		D4609A8B16EA21D70066DEFF /* Globals.cpp */ = {isa = PBXFileReference; fileEncoding = 4; lastKnownFileType = sourcecode.cpp.cpp; name = Globals.cpp; path = ../src/Globals.cpp; sourceTree = "<group>"; };
		D4609A8C16EA21D70066DEFF /* Globals.h */ = {isa = PBXFileReference; fileEncoding = 4; lastKnownFileType = sourcecode.c.h; name = Globals.h; path = ../src/Globals.h; sourceTree = "<group>"; };
		D4609A8E16EA26C20066DEFF /* beam.png */ = {isa = PBXFileReference; lastKnownFileType = image.png; name = beam.png; path = ../resources/images/beam.png; sourceTree = "<group>"; };
		D4609A9016EA26D60066DEFF /* bubble.png */ = {isa = PBXFileReference; lastKnownFileType = image.png; name = bubble.png; path = ../resources/images/bubble.png; sourceTree = "<group>"; };
		D4609A9116EA26D60066DEFF /* egg.png */ = {isa = PBXFileReference; lastKnownFileType = image.png; name = egg.png; path = ../resources/images/egg.png; sourceTree = "<group>"; };
		D4609A9216EA26D60066DEFF /* friendly.png */ = {isa = PBXFileReference; lastKnownFileType = image.png; name = friendly.png; path = ../resources/images/friendly.png; sourceTree = "<group>"; };
		D4609A9316EA26D60066DEFF /* jelly_blue.png */ = {isa = PBXFileReference; lastKnownFileType = image.png; name = jelly_blue.png; path = ../resources/images/jelly_blue.png; sourceTree = "<group>"; };
		D4609A9416EA26D60066DEFF /* jelly_green.png */ = {isa = PBXFileReference; lastKnownFileType = image.png; name = jelly_green.png; path = ../resources/images/jelly_green.png; sourceTree = "<group>"; };
		D4609A9516EA26D60066DEFF /* jelly_pink.png */ = {isa = PBXFileReference; lastKnownFileType = image.png; name = jelly_pink.png; path = ../resources/images/jelly_pink.png; sourceTree = "<group>"; };
		D4609A9616EA26D60066DEFF /* plankton_big.png */ = {isa = PBXFileReference; lastKnownFileType = image.png; name = plankton_big.png; path = ../resources/images/plankton_big.png; sourceTree = "<group>"; };
		D4609A9716EA26D60066DEFF /* plankton_four.png */ = {isa = PBXFileReference; lastKnownFileType = image.png; name = plankton_four.png; path = ../resources/images/plankton_four.png; sourceTree = "<group>"; };
		D4609A9816EA26D60066DEFF /* plankton_long.png */ = {isa = PBXFileReference; lastKnownFileType = image.png; name = plankton_long.png; path = ../resources/images/plankton_long.png; sourceTree = "<group>"; };
		D4609A9916EA26D60066DEFF /* plankton_square.png */ = {isa = PBXFileReference; lastKnownFileType = image.png; name = plankton_square.png; path = ../resources/images/plankton_square.png; sourceTree = "<group>"; };
		D4609A9A16EA26D60066DEFF /* plankton_three.png */ = {isa = PBXFileReference; lastKnownFileType = image.png; name = plankton_three.png; path = ../resources/images/plankton_three.png; sourceTree = "<group>"; };
		D4609A9B16EA26D60066DEFF /* plankton_tri.png */ = {isa = PBXFileReference; lastKnownFileType = image.png; name = plankton_tri.png; path = ../resources/images/plankton_tri.png; sourceTree = "<group>"; };
		D4609A9D16EA26D60066DEFF /* spore_green.png */ = {isa = PBXFileReference; lastKnownFileType = image.png; name = spore_green.png; path = ../resources/images/spore_green.png; sourceTree = "<group>"; };
		D4609A9E16EA26D70066DEFF /* spore_orange.png */ = {isa = PBXFileReference; lastKnownFileType = image.png; name = spore_orange.png; path = ../resources/images/spore_orange.png; sourceTree = "<group>"; };
		D4609A9F16EA26D70066DEFF /* spore_pink.png */ = {isa = PBXFileReference; lastKnownFileType = image.png; name = spore_pink.png; path = ../resources/images/spore_pink.png; sourceTree = "<group>"; };
		D4609AA016EA26D70066DEFF /* twirl.png */ = {isa = PBXFileReference; lastKnownFileType = image.png; name = twirl.png; path = ../resources/images/twirl.png; sourceTree = "<group>"; };
		D4609AB216EA276B0066DEFF /* player_oneeye.png */ = {isa = PBXFileReference; lastKnownFileType = image.png; name = player_oneeye.png; path = ../resources/images/player_oneeye.png; sourceTree = "<group>"; };
		D4609AB316EA276B0066DEFF /* player_one_eye.png */ = {isa = PBXFileReference; lastKnownFileType = image.png; name = player_one_eye.png; path = ../resources/images/player_one_eye.png; sourceTree = "<group>"; };
		D4609AB416EA276B0066DEFF /* player_ring.png */ = {isa = PBXFileReference; lastKnownFileType = image.png; name = player_ring.png; path = ../resources/images/player_ring.png; sourceTree = "<group>"; };
		D4609AB516EA276B0066DEFF /* player_simple.png */ = {isa = PBXFileReference; lastKnownFileType = image.png; name = player_simple.png; path = ../resources/images/player_simple.png; sourceTree = "<group>"; };
		D4609AB616EA276B0066DEFF /* player_twoeye.png */ = {isa = PBXFileReference; lastKnownFileType = image.png; name = player_twoeye.png; path = ../resources/images/player_twoeye.png; sourceTree = "<group>"; };
		D4609ABC16EA28270066DEFF /* plankton_one.png */ = {isa = PBXFileReference; lastKnownFileType = image.png; name = plankton_one.png; path = ../resources/images/plankton_one.png; sourceTree = "<group>"; };
		D4609AC116EA2CED0066DEFF /* OSCManager.cpp */ = {isa = PBXFileReference; fileEncoding = 4; lastKnownFileType = sourcecode.cpp.cpp; name = OSCManager.cpp; path = ../src/OSCManager.cpp; sourceTree = "<group>"; };
		D4609AC216EA2CED0066DEFF /* OSCManager.h */ = {isa = PBXFileReference; fileEncoding = 4; lastKnownFileType = sourcecode.c.h; name = OSCManager.h; path = ../src/OSCManager.h; sourceTree = "<group>"; };
		D4609AE616EA3EC20066DEFF /* Mask.cpp */ = {isa = PBXFileReference; fileEncoding = 4; lastKnownFileType = sourcecode.cpp.cpp; name = Mask.cpp; path = ../src/Mask.cpp; sourceTree = "<group>"; };
		D4609AE716EA3EC30066DEFF /* Mask.h */ = {isa = PBXFileReference; fileEncoding = 4; lastKnownFileType = sourcecode.c.h; name = Mask.h; path = ../src/Mask.h; sourceTree = "<group>"; };
		D4609AE916EA3F300066DEFF /* Beam.cpp */ = {isa = PBXFileReference; fileEncoding = 4; lastKnownFileType = sourcecode.cpp.cpp; name = Beam.cpp; path = ../src/Environment/Beam.cpp; sourceTree = "<group>"; };
		D4609AEA16EA3F300066DEFF /* Beam.h */ = {isa = PBXFileReference; fileEncoding = 4; lastKnownFileType = sourcecode.c.h; name = Beam.h; path = ../src/Environment/Beam.h; sourceTree = "<group>"; };
		D4609AEC16EA40090066DEFF /* Images.cpp */ = {isa = PBXFileReference; fileEncoding = 4; lastKnownFileType = sourcecode.cpp.cpp; name = Images.cpp; path = ../src/Images.cpp; sourceTree = "<group>"; };
		D4609AED16EA400A0066DEFF /* Images.h */ = {isa = PBXFileReference; fileEncoding = 4; lastKnownFileType = sourcecode.c.h; name = Images.h; path = ../src/Images.h; sourceTree = "<group>"; };
		D4609AEF16EA486B0066DEFF /* mask-1.png */ = {isa = PBXFileReference; lastKnownFileType = image.png; name = "mask-1.png"; path = "../resources/images/mask-1.png"; sourceTree = "<group>"; };
		D4609AF416EA4CD80066DEFF /* Spring.cpp */ = {isa = PBXFileReference; fileEncoding = 4; lastKnownFileType = sourcecode.cpp.cpp; name = Spring.cpp; path = ../src/Spring.cpp; sourceTree = "<group>"; };
		D4609AF516EA4CD80066DEFF /* Spring.h */ = {isa = PBXFileReference; fileEncoding = 4; lastKnownFileType = sourcecode.c.h; name = Spring.h; path = ../src/Spring.h; sourceTree = "<group>"; };
		D461A93A16EF66300035AC50 /* SeaSurface.cpp */ = {isa = PBXFileReference; fileEncoding = 4; lastKnownFileType = sourcecode.cpp.cpp; name = SeaSurface.cpp; path = ../src/Environment/SeaSurface.cpp; sourceTree = "<group>"; };
		D461A93B16EF66300035AC50 /* SeaSurface.h */ = {isa = PBXFileReference; fileEncoding = 4; lastKnownFileType = sourcecode.c.h; name = SeaSurface.h; path = ../src/Environment/SeaSurface.h; sourceTree = "<group>"; };
		D474FDC916F14C8C00CCCF99 /* button_600.png */ = {isa = PBXFileReference; lastKnownFileType = image.png; path = button_600.png; sourceTree = "<group>"; };
		D474FDCA16F14C8C00CCCF99 /* button_800.png */ = {isa = PBXFileReference; lastKnownFileType = image.png; path = button_800.png; sourceTree = "<group>"; };
		D474FDCB16F14C8C00CCCF99 /* button_quit.png */ = {isa = PBXFileReference; lastKnownFileType = image.png; path = button_quit.png; sourceTree = "<group>"; };
		D474FDCC16F14C8C00CCCF99 /* button_resume.png */ = {isa = PBXFileReference; lastKnownFileType = image.png; path = button_resume.png; sourceTree = "<group>"; };
		D474FDCD16F14C8C00CCCF99 /* buttun_1200.png */ = {isa = PBXFileReference; lastKnownFileType = image.png; path = buttun_1200.png; sourceTree = "<group>"; };
		D474FDCE16F14C8C00CCCF99 /* menu_back.png */ = {isa = PBXFileReference; lastKnownFileType = image.png; path = menu_back.png; sourceTree = "<group>"; };
		D474FDD516F1581D00CCCF99 /* settingsmenu.png */ = {isa = PBXFileReference; lastKnownFileType = image.png; path = settingsmenu.png; sourceTree = "<group>"; };
		D4A2C6F41701F37E00BA1399 /* SeaFloor.cpp */ = {isa = PBXFileReference; fileEncoding = 4; lastKnownFileType = sourcecode.cpp.cpp; name = SeaFloor.cpp; path = ../src/Environment/SeaFloor.cpp; sourceTree = "<group>"; };
		D4A2C6F51701F37E00BA1399 /* SeaFloor.h */ = {isa = PBXFileReference; fileEncoding = 4; lastKnownFileType = sourcecode.c.h; name = SeaFloor.h; path = ../src/Environment/SeaFloor.h; sourceTree = "<group>"; };
		D4BDE76916EB6CF700FF6E76 /* IpEndpointName.h */ = {isa = PBXFileReference; fileEncoding = 4; lastKnownFileType = sourcecode.c.h; path = IpEndpointName.h; sourceTree = "<group>"; };
		D4BDE76A16EB6CF700FF6E76 /* NetworkingUtils.h */ = {isa = PBXFileReference; fileEncoding = 4; lastKnownFileType = sourcecode.c.h; path = NetworkingUtils.h; sourceTree = "<group>"; };
		D4BDE76B16EB6CF700FF6E76 /* PacketListener.h */ = {isa = PBXFileReference; fileEncoding = 4; lastKnownFileType = sourcecode.c.h; path = PacketListener.h; sourceTree = "<group>"; };
		D4BDE76C16EB6CF700FF6E76 /* TimerListener.h */ = {isa = PBXFileReference; fileEncoding = 4; lastKnownFileType = sourcecode.c.h; path = TimerListener.h; sourceTree = "<group>"; };
		D4BDE76D16EB6CF700FF6E76 /* UdpSocket.h */ = {isa = PBXFileReference; fileEncoding = 4; lastKnownFileType = sourcecode.c.h; path = UdpSocket.h; sourceTree = "<group>"; };
		D4BDE76F16EB6CF700FF6E76 /* MessageMappingOscPacketListener.h */ = {isa = PBXFileReference; fileEncoding = 4; lastKnownFileType = sourcecode.c.h; path = MessageMappingOscPacketListener.h; sourceTree = "<group>"; };
		D4BDE77016EB6CF700FF6E76 /* OscException.h */ = {isa = PBXFileReference; fileEncoding = 4; lastKnownFileType = sourcecode.c.h; path = OscException.h; sourceTree = "<group>"; };
		D4BDE77116EB6CF700FF6E76 /* OscHostEndianness.h */ = {isa = PBXFileReference; fileEncoding = 4; lastKnownFileType = sourcecode.c.h; path = OscHostEndianness.h; sourceTree = "<group>"; };
		D4BDE77216EB6CF700FF6E76 /* OscOutboundPacketStream.h */ = {isa = PBXFileReference; fileEncoding = 4; lastKnownFileType = sourcecode.c.h; path = OscOutboundPacketStream.h; sourceTree = "<group>"; };
		D4BDE77316EB6CF700FF6E76 /* OscPacketListener.h */ = {isa = PBXFileReference; fileEncoding = 4; lastKnownFileType = sourcecode.c.h; path = OscPacketListener.h; sourceTree = "<group>"; };
		D4BDE77416EB6CF700FF6E76 /* OscPrintReceivedElements.h */ = {isa = PBXFileReference; fileEncoding = 4; lastKnownFileType = sourcecode.c.h; path = OscPrintReceivedElements.h; sourceTree = "<group>"; };
		D4BDE77516EB6CF700FF6E76 /* OscReceivedElements.h */ = {isa = PBXFileReference; fileEncoding = 4; lastKnownFileType = sourcecode.c.h; path = OscReceivedElements.h; sourceTree = "<group>"; };
		D4BDE77616EB6CF700FF6E76 /* OscTypes.h */ = {isa = PBXFileReference; fileEncoding = 4; lastKnownFileType = sourcecode.c.h; path = OscTypes.h; sourceTree = "<group>"; };
		D4BDE77716EB6CF700FF6E76 /* OscArg.h */ = {isa = PBXFileReference; fileEncoding = 4; lastKnownFileType = sourcecode.c.h; path = OscArg.h; sourceTree = "<group>"; };
		D4BDE77816EB6CF700FF6E76 /* OscBundle.h */ = {isa = PBXFileReference; fileEncoding = 4; lastKnownFileType = sourcecode.c.h; path = OscBundle.h; sourceTree = "<group>"; };
		D4BDE77916EB6CF700FF6E76 /* OscListener.h */ = {isa = PBXFileReference; fileEncoding = 4; lastKnownFileType = sourcecode.c.h; path = OscListener.h; sourceTree = "<group>"; };
		D4BDE77A16EB6CF700FF6E76 /* OscMessage.h */ = {isa = PBXFileReference; fileEncoding = 4; lastKnownFileType = sourcecode.c.h; path = OscMessage.h; sourceTree = "<group>"; };
		D4BDE77B16EB6CF700FF6E76 /* OscSender.h */ = {isa = PBXFileReference; fileEncoding = 4; lastKnownFileType = sourcecode.c.h; path = OscSender.h; sourceTree = "<group>"; };
		D4BDE77E16EB6CF700FF6E76 /* osc.a */ = {isa = PBXFileReference; lastKnownFileType = archive.ar; path = osc.a; sourceTree = "<group>"; };
		D4BDE78016EB6CF700FF6E76 /* osc.a */ = {isa = PBXFileReference; lastKnownFileType = archive.ar; path = osc.a; sourceTree = "<group>"; };
		D4BDE7BF16EB6CF900FF6E76 /* OscBundle.cpp */ = {isa = PBXFileReference; fileEncoding = 4; lastKnownFileType = sourcecode.cpp.cpp; path = OscBundle.cpp; sourceTree = "<group>"; };
		D4BDE7C016EB6CF900FF6E76 /* OscListener.cpp */ = {isa = PBXFileReference; fileEncoding = 4; lastKnownFileType = sourcecode.cpp.cpp; path = OscListener.cpp; sourceTree = "<group>"; };
		D4BDE7C116EB6CF900FF6E76 /* OscMessage.cpp */ = {isa = PBXFileReference; fileEncoding = 4; lastKnownFileType = sourcecode.cpp.cpp; path = OscMessage.cpp; sourceTree = "<group>"; };
		D4BDE7C216EB6CF900FF6E76 /* OscSender.cpp */ = {isa = PBXFileReference; fileEncoding = 4; lastKnownFileType = sourcecode.cpp.cpp; path = OscSender.cpp; sourceTree = "<group>"; };
		D4E7B18816F0F9A3008C7410 /* Menu.cpp */ = {isa = PBXFileReference; fileEncoding = 4; lastKnownFileType = sourcecode.cpp.cpp; name = Menu.cpp; path = ../src/Menu.cpp; sourceTree = "<group>"; };
		D4E7B18916F0F9A3008C7410 /* Menu.h */ = {isa = PBXFileReference; fileEncoding = 4; lastKnownFileType = sourcecode.c.h; name = Menu.h; path = ../src/Menu.h; sourceTree = "<group>"; };
/* End PBXFileReference section */

/* Begin PBXFrameworksBuildPhase section */
		8D11072E0486CEB800E47090 /* Frameworks */ = {
			isa = PBXFrameworksBuildPhase;
			buildActionMask = 2147483647;
			files = (
				8D11072F0486CEB800E47090 /* Cocoa.framework in Frameworks */,
				0091D8F90E81B9330029341E /* OpenGL.framework in Frameworks */,
				53E3CDFC0E86099300238D2B /* Carbon.framework in Frameworks */,
				5323E6B20EAFCA74003A9687 /* CoreVideo.framework in Frameworks */,
				5323E6B60EAFCA7E003A9687 /* QTKit.framework in Frameworks */,
				0097E3E50F3E9819005A4392 /* QuickTime.framework in Frameworks */,
				00B784B30FF439BC000DE1D7 /* Accelerate.framework in Frameworks */,
				00B784B40FF439BC000DE1D7 /* AudioToolbox.framework in Frameworks */,
				00B784B50FF439BC000DE1D7 /* AudioUnit.framework in Frameworks */,
				00B784B60FF439BC000DE1D7 /* CoreAudio.framework in Frameworks */,
				D4BDE7C316EB6CF900FF6E76 /* osc.a in Frameworks */,
				D4BDE7C416EB6CF900FF6E76 /* osc.a in Frameworks */,
			);
			runOnlyForDeploymentPostprocessing = 0;
		};
/* End PBXFrameworksBuildPhase section */

/* Begin PBXGroup section */
		080E96DDFE201D6D7F000001 /* Source */ = {
			isa = PBXGroup;
			children = (
				00BAE6590E7ED9C10018A608 /* Cellv0App.cpp */,
				D4609A8B16EA21D70066DEFF /* Globals.cpp */,
				D4609A5E16EA1C410066DEFF /* EntityManager.cpp */,
				D43FC2DE16EBB4080088577B /* EnvironmentManager.cpp */,
				D4609AC116EA2CED0066DEFF /* OSCManager.cpp */,
				D4609AEC16EA40090066DEFF /* Images.cpp */,
				D4E7B18816F0F9A3008C7410 /* Menu.cpp */,
				D4609A5516EA1B380066DEFF /* GameObject.cpp */,
				D4609A5816EA1BAE0066DEFF /* Braitenberg.cpp */,
				D4609A5B16EA1BEE0066DEFF /* Player.cpp */,
				D4609AC016EA2AB00066DEFF /* Interact */,
				D4609AF716EA509E0066DEFF /* Environment */,
				D4609A7C16EA1EA90066DEFF /* Tail.cpp */,
				D4609A7F16EA1ECD0066DEFF /* Finite.cpp */,
			);
			name = Source;
			sourceTree = "<group>";
		};
		1058C7A0FEA54F0111CA2CBB /* Linked Frameworks */ = {
			isa = PBXGroup;
			children = (
				00B784AF0FF439BC000DE1D7 /* Accelerate.framework */,
				00B784B00FF439BC000DE1D7 /* AudioToolbox.framework */,
				00B784B10FF439BC000DE1D7 /* AudioUnit.framework */,
				00B784B20FF439BC000DE1D7 /* CoreAudio.framework */,
				0097E3E40F3E9819005A4392 /* QuickTime.framework */,
				5323E6B50EAFCA7E003A9687 /* QTKit.framework */,
				5323E6B10EAFCA74003A9687 /* CoreVideo.framework */,
				53E3CDFB0E86099300238D2B /* Carbon.framework */,
				0091D8F80E81B9330029341E /* OpenGL.framework */,
				1058C7A1FEA54F0111CA2CBB /* Cocoa.framework */,
			);
			name = "Linked Frameworks";
			sourceTree = "<group>";
		};
		1058C7A2FEA54F0111CA2CBB /* Other Frameworks */ = {
			isa = PBXGroup;
			children = (
				29B97324FDCFA39411CA2CEA /* AppKit.framework */,
				13E42FB307B3F0F600E4EEF1 /* CoreData.framework */,
				29B97325FDCFA39411CA2CEA /* Foundation.framework */,
			);
			name = "Other Frameworks";
			sourceTree = "<group>";
		};
		19C28FACFE9D520D11CA2CBB /* Products */ = {
			isa = PBXGroup;
			children = (
				8D1107320486CEB800E47090 /* Cellv0.app */,
			);
			name = Products;
			sourceTree = "<group>";
		};
		29B97314FDCFA39411CA2CEA /* Cellv0 */ = {
			isa = PBXGroup;
			children = (
				D4BDE76616EB6CF700FF6E76 /* osc */,
				29B97315FDCFA39411CA2CEA /* Headers */,
				080E96DDFE201D6D7F000001 /* Source */,
				29B97317FDCFA39411CA2CEA /* Resources */,
				29B97323FDCFA39411CA2CEA /* Frameworks */,
				19C28FACFE9D520D11CA2CBB /* Products */,
			);
			name = Cellv0;
			sourceTree = "<group>";
		};
		29B97315FDCFA39411CA2CEA /* Headers */ = {
			isa = PBXGroup;
			children = (
				D4A2C6F51701F37E00BA1399 /* SeaFloor.h */,
				D4E7B18916F0F9A3008C7410 /* Menu.h */,
				D461A93B16EF66300035AC50 /* SeaSurface.h */,
				32CA4F630368D1EE00C91783 /* Cellv0_Prefix.pch */,
				D4609A8C16EA21D70066DEFF /* Globals.h */,
				D4609A5F16EA1C410066DEFF /* EntityManager.h */,
				D4609AC216EA2CED0066DEFF /* OSCManager.h */,
				D4609AED16EA400A0066DEFF /* Images.h */,
				D4609A5616EA1B380066DEFF /* GameObject.h */,
				D4609A5916EA1BAE0066DEFF /* Braitenberg.h */,
				D4609A5C16EA1BEE0066DEFF /* Player.h */,
				D4609AF816EA50B10066DEFF /* Environment */,
				D4609ABF16EA2A7D0066DEFF /* Interact */,
				D4609A7D16EA1EA90066DEFF /* Tail.h */,
				D4609A8016EA1ECD0066DEFF /* Finite.h */,
			);
			name = Headers;
			sourceTree = "<group>";
		};
		29B97317FDCFA39411CA2CEA /* Resources */ = {
			isa = PBXGroup;
			children = (
				D474FDD516F1581D00CCCF99 /* settingsmenu.png */,
				D474FDC916F14C8C00CCCF99 /* button_600.png */,
				D474FDCA16F14C8C00CCCF99 /* button_800.png */,
				D474FDCB16F14C8C00CCCF99 /* button_quit.png */,
				D474FDCC16F14C8C00CCCF99 /* button_resume.png */,
				D474FDCD16F14C8C00CCCF99 /* buttun_1200.png */,
				D474FDCE16F14C8C00CCCF99 /* menu_back.png */,
				D40EF5C416EEB5CC00A7C673 /* menu-no.png */,
				D40EF5C516EEB5CC00A7C673 /* menu-yes.png */,
				D40EF5C616EEB5CC00A7C673 /* menu.png */,
				D4609ABE16EA2A130066DEFF /* images */,
				8D1107310486CEB800E47090 /* Info.plist */,
				00CCAF14116A9FEE008396D5 /* CinderApp.icns */,
			);
			name = Resources;
			sourceTree = "<group>";
		};
		29B97323FDCFA39411CA2CEA /* Frameworks */ = {
			isa = PBXGroup;
			children = (
				1058C7A0FEA54F0111CA2CBB /* Linked Frameworks */,
				1058C7A2FEA54F0111CA2CBB /* Other Frameworks */,
			);
			name = Frameworks;
			sourceTree = "<group>";
		};
		D4609ABE16EA2A130066DEFF /* images */ = {
			isa = PBXGroup;
			children = (
				D43FC2E316EC1DE60088577B /* cell-splashscreen.png */,
				D4609AEF16EA486B0066DEFF /* mask-1.png */,
				D4609AB216EA276B0066DEFF /* player_oneeye.png */,
				D4609AB316EA276B0066DEFF /* player_one_eye.png */,
				D4609AB416EA276B0066DEFF /* player_ring.png */,
				D4609AB516EA276B0066DEFF /* player_simple.png */,
				D4609AB616EA276B0066DEFF /* player_twoeye.png */,
				D4609A9016EA26D60066DEFF /* bubble.png */,
				D4609A9116EA26D60066DEFF /* egg.png */,
				D4609A9216EA26D60066DEFF /* friendly.png */,
				D4609A9316EA26D60066DEFF /* jelly_blue.png */,
				D4609A9416EA26D60066DEFF /* jelly_green.png */,
				D4609A9516EA26D60066DEFF /* jelly_pink.png */,
				D4609ABC16EA28270066DEFF /* plankton_one.png */,
				D4609A9616EA26D60066DEFF /* plankton_big.png */,
				D4609A9716EA26D60066DEFF /* plankton_four.png */,
				D4609A9816EA26D60066DEFF /* plankton_long.png */,
				D4609A9916EA26D60066DEFF /* plankton_square.png */,
				D4609A9A16EA26D60066DEFF /* plankton_three.png */,
				D4609A9B16EA26D60066DEFF /* plankton_tri.png */,
				D4609A9D16EA26D60066DEFF /* spore_green.png */,
				D4609A9E16EA26D70066DEFF /* spore_orange.png */,
				D4609A9F16EA26D70066DEFF /* spore_pink.png */,
				D4609AA016EA26D70066DEFF /* twirl.png */,
				D4609A8E16EA26C20066DEFF /* beam.png */,
			);
			name = images;
			sourceTree = "<group>";
		};
		D4609ABF16EA2A7D0066DEFF /* Interact */ = {
			isa = PBXGroup;
			children = (
				D4609AF516EA4CD80066DEFF /* Spring.h */,
				D4609A8916EA1FE00066DEFF /* Feeler.h */,
				D4609A6516EA1D0C0066DEFF /* Spore.h */,
				D4609A4E16EA19A30066DEFF /* Urchin.h */,
				D4609A5316EA1A890066DEFF /* Friendly.h */,
				D4609A7716EA1E340066DEFF /* Starfish.h */,
				D4609A7116EA1DE40066DEFF /* Swimmer.h */,
				D4609A7416EA1E0B0066DEFF /* Jelly.h */,
				D4609A6816EA1D5C0066DEFF /* Egg.h */,
				D4609A7A16EA1E6D0066DEFF /* Spark.h */,
				D4609A6B16EA1D870066DEFF /* Plankton.h */,
			);
			name = Interact;
			sourceTree = "<group>";
		};
		D4609AC016EA2AB00066DEFF /* Interact */ = {
			isa = PBXGroup;
			children = (
				D4609AF416EA4CD80066DEFF /* Spring.cpp */,
				D4609A8816EA1FE00066DEFF /* Feeler.cpp */,
				D4609A7016EA1DE40066DEFF /* Swimmer.cpp */,
				D4609A4D16EA19A30066DEFF /* Urchin.cpp */,
				D4609A7916EA1E6D0066DEFF /* Spark.cpp */,
				D4609A7316EA1E0A0066DEFF /* Jelly.cpp */,
				D4609A6416EA1D0B0066DEFF /* Spore.cpp */,
				D4609A6716EA1D5B0066DEFF /* Egg.cpp */,
				D4609A6A16EA1D870066DEFF /* Plankton.cpp */,
				D4609A5216EA1A890066DEFF /* Friendly.cpp */,
				D4609A7616EA1E330066DEFF /* Starfish.cpp */,
			);
			name = Interact;
			sourceTree = "<group>";
		};
		D4609AF716EA509E0066DEFF /* Environment */ = {
			isa = PBXGroup;
			children = (
				D4609A8216EA1EF30066DEFF /* Dust.cpp */,
				D4609A8516EA1F930066DEFF /* Splash.cpp */,
				D461A93A16EF66300035AC50 /* SeaSurface.cpp */,
				D4A2C6F41701F37E00BA1399 /* SeaFloor.cpp */,
				D43FC2DB16EBAAF80088577B /* Bubble.cpp */,
				D4609AE916EA3F300066DEFF /* Beam.cpp */,
				D4609AE616EA3EC20066DEFF /* Mask.cpp */,
			);
			name = Environment;
			sourceTree = "<group>";
		};
		D4609AF816EA50B10066DEFF /* Environment */ = {
			isa = PBXGroup;
			children = (
				D43FC2DF16EBB4090088577B /* EnvironmentManager.h */,
				D43FC2DC16EBAAF80088577B /* Bubble.h */,
				D4609A8316EA1EF30066DEFF /* Dust.h */,
				D4609AEA16EA3F300066DEFF /* Beam.h */,
				D4609AE716EA3EC30066DEFF /* Mask.h */,
				D4609A8616EA1F940066DEFF /* Splash.h */,
			);
			name = Environment;
			sourceTree = "<group>";
		};
		D4BDE76616EB6CF700FF6E76 /* osc */ = {
			isa = PBXGroup;
			children = (
				D4BDE76716EB6CF700FF6E76 /* include */,
				D4BDE77C16EB6CF700FF6E76 /* lib */,
				D4BDE7BE16EB6CF800FF6E76 /* src */,
			);
			name = osc;
			path = ../../../../../../Applications/cinder_0.8.4_mac/blocks/osc;
			sourceTree = "<group>";
		};
		D4BDE76716EB6CF700FF6E76 /* include */ = {
			isa = PBXGroup;
			children = (
				D4BDE76816EB6CF700FF6E76 /* ip */,
				D4BDE76E16EB6CF700FF6E76 /* osc */,
				D4BDE77716EB6CF700FF6E76 /* OscArg.h */,
				D4BDE77816EB6CF700FF6E76 /* OscBundle.h */,
				D4BDE77916EB6CF700FF6E76 /* OscListener.h */,
				D4BDE77A16EB6CF700FF6E76 /* OscMessage.h */,
				D4BDE77B16EB6CF700FF6E76 /* OscSender.h */,
			);
			path = include;
			sourceTree = "<group>";
		};
		D4BDE76816EB6CF700FF6E76 /* ip */ = {
			isa = PBXGroup;
			children = (
				D4BDE76916EB6CF700FF6E76 /* IpEndpointName.h */,
				D4BDE76A16EB6CF700FF6E76 /* NetworkingUtils.h */,
				D4BDE76B16EB6CF700FF6E76 /* PacketListener.h */,
				D4BDE76C16EB6CF700FF6E76 /* TimerListener.h */,
				D4BDE76D16EB6CF700FF6E76 /* UdpSocket.h */,
			);
			path = ip;
			sourceTree = "<group>";
		};
		D4BDE76E16EB6CF700FF6E76 /* osc */ = {
			isa = PBXGroup;
			children = (
				D4BDE76F16EB6CF700FF6E76 /* MessageMappingOscPacketListener.h */,
				D4BDE77016EB6CF700FF6E76 /* OscException.h */,
				D4BDE77116EB6CF700FF6E76 /* OscHostEndianness.h */,
				D4BDE77216EB6CF700FF6E76 /* OscOutboundPacketStream.h */,
				D4BDE77316EB6CF700FF6E76 /* OscPacketListener.h */,
				D4BDE77416EB6CF700FF6E76 /* OscPrintReceivedElements.h */,
				D4BDE77516EB6CF700FF6E76 /* OscReceivedElements.h */,
				D4BDE77616EB6CF700FF6E76 /* OscTypes.h */,
			);
			path = osc;
			sourceTree = "<group>";
		};
		D4BDE77C16EB6CF700FF6E76 /* lib */ = {
			isa = PBXGroup;
			children = (
				D4BDE77D16EB6CF700FF6E76 /* iphone */,
				D4BDE77F16EB6CF700FF6E76 /* macosx */,
			);
			path = lib;
			sourceTree = "<group>";
		};
		D4BDE77D16EB6CF700FF6E76 /* iphone */ = {
			isa = PBXGroup;
			children = (
				D4BDE77E16EB6CF700FF6E76 /* osc.a */,
			);
			path = iphone;
			sourceTree = "<group>";
		};
		D4BDE77F16EB6CF700FF6E76 /* macosx */ = {
			isa = PBXGroup;
			children = (
				D4BDE78016EB6CF700FF6E76 /* osc.a */,
			);
			path = macosx;
			sourceTree = "<group>";
		};
		D4BDE7BE16EB6CF800FF6E76 /* src */ = {
			isa = PBXGroup;
			children = (
				D4BDE7BF16EB6CF900FF6E76 /* OscBundle.cpp */,
				D4BDE7C016EB6CF900FF6E76 /* OscListener.cpp */,
				D4BDE7C116EB6CF900FF6E76 /* OscMessage.cpp */,
				D4BDE7C216EB6CF900FF6E76 /* OscSender.cpp */,
			);
			path = src;
			sourceTree = "<group>";
		};
/* End PBXGroup section */

/* Begin PBXNativeTarget section */
		8D1107260486CEB800E47090 /* Cellv0 */ = {
			isa = PBXNativeTarget;
			buildConfigurationList = C01FCF4A08A954540054247B /* Build configuration list for PBXNativeTarget "Cellv0" */;
			buildPhases = (
				8D1107290486CEB800E47090 /* Resources */,
				8D11072C0486CEB800E47090 /* Sources */,
				8D11072E0486CEB800E47090 /* Frameworks */,
			);
			buildRules = (
			);
			dependencies = (
			);
			name = Cellv0;
			productInstallPath = "$(HOME)/Applications";
			productName = Cellv0;
			productReference = 8D1107320486CEB800E47090 /* Cellv0.app */;
			productType = "com.apple.product-type.application";
		};
/* End PBXNativeTarget section */

/* Begin PBXProject section */
		29B97313FDCFA39411CA2CEA /* Project object */ = {
			isa = PBXProject;
			attributes = {
				LastUpgradeCheck = 0460;
			};
			buildConfigurationList = C01FCF4E08A954540054247B /* Build configuration list for PBXProject "Cellv0" */;
			compatibilityVersion = "Xcode 3.2";
			developmentRegion = English;
			hasScannedForEncodings = 1;
			knownRegions = (
				en,
			);
			mainGroup = 29B97314FDCFA39411CA2CEA /* Cellv0 */;
			projectDirPath = "";
			projectRoot = "";
			targets = (
				8D1107260486CEB800E47090 /* Cellv0 */,
			);
		};
/* End PBXProject section */

/* Begin PBXResourcesBuildPhase section */
		8D1107290486CEB800E47090 /* Resources */ = {
			isa = PBXResourcesBuildPhase;
			buildActionMask = 2147483647;
			files = (
				00CCAF15116A9FEE008396D5 /* CinderApp.icns in Resources */,
				D4609A8F16EA26C20066DEFF /* beam.png in Resources */,
				D4609AA116EA26D70066DEFF /* bubble.png in Resources */,
				D4609AA216EA26D70066DEFF /* egg.png in Resources */,
				D4609AA316EA26D70066DEFF /* friendly.png in Resources */,
				D4609AA416EA26D70066DEFF /* jelly_blue.png in Resources */,
				D4609AA516EA26D70066DEFF /* jelly_green.png in Resources */,
				D4609AA616EA26D70066DEFF /* jelly_pink.png in Resources */,
				D4609AA716EA26D70066DEFF /* plankton_big.png in Resources */,
				D4609AA816EA26D70066DEFF /* plankton_four.png in Resources */,
				D4609AA916EA26D70066DEFF /* plankton_long.png in Resources */,
				D4609AAA16EA26D70066DEFF /* plankton_square.png in Resources */,
				D4609AAB16EA26D70066DEFF /* plankton_three.png in Resources */,
				D4609AAC16EA26D70066DEFF /* plankton_tri.png in Resources */,
				D4609AAE16EA26D70066DEFF /* spore_green.png in Resources */,
				D4609AAF16EA26D70066DEFF /* spore_orange.png in Resources */,
				D4609AB016EA26D70066DEFF /* spore_pink.png in Resources */,
				D4609AB116EA26D70066DEFF /* twirl.png in Resources */,
				D4609AB716EA276B0066DEFF /* player_oneeye.png in Resources */,
				D4609AB816EA276B0066DEFF /* player_one_eye.png in Resources */,
				D4609AB916EA276B0066DEFF /* player_ring.png in Resources */,
				D4609ABA16EA276B0066DEFF /* player_simple.png in Resources */,
				D4609ABB16EA276B0066DEFF /* player_twoeye.png in Resources */,
				D4609ABD16EA28270066DEFF /* plankton_one.png in Resources */,
				D4609AF016EA486B0066DEFF /* mask-1.png in Resources */,
				D43FC2E416EC1DE60088577B /* cell-splashscreen.png in Resources */,
				D40EF5C716EEB5CC00A7C673 /* menu-no.png in Resources */,
				D40EF5C816EEB5CC00A7C673 /* menu-yes.png in Resources */,
				D40EF5C916EEB5CC00A7C673 /* menu.png in Resources */,
				D474FDCF16F14C8C00CCCF99 /* button_600.png in Resources */,
				D474FDD016F14C8C00CCCF99 /* button_800.png in Resources */,
				D474FDD116F14C8C00CCCF99 /* button_quit.png in Resources */,
				D474FDD216F14C8C00CCCF99 /* button_resume.png in Resources */,
				D474FDD316F14C8C00CCCF99 /* buttun_1200.png in Resources */,
				D474FDD416F14C8C00CCCF99 /* menu_back.png in Resources */,
				D474FDD616F1581D00CCCF99 /* settingsmenu.png in Resources */,
			);
			runOnlyForDeploymentPostprocessing = 0;
		};
/* End PBXResourcesBuildPhase section */

/* Begin PBXSourcesBuildPhase section */
		8D11072C0486CEB800E47090 /* Sources */ = {
			isa = PBXSourcesBuildPhase;
			buildActionMask = 2147483647;
			files = (
				00BAE65A0E7ED9C10018A608 /* Cellv0App.cpp in Sources */,
				D4609A4F16EA19A30066DEFF /* Urchin.cpp in Sources */,
				D4609A5416EA1A890066DEFF /* Friendly.cpp in Sources */,
				D4609A5716EA1B380066DEFF /* GameObject.cpp in Sources */,
				D4609A5A16EA1BAE0066DEFF /* Braitenberg.cpp in Sources */,
				D4609A5D16EA1BEE0066DEFF /* Player.cpp in Sources */,
				D4609A6016EA1C410066DEFF /* EntityManager.cpp in Sources */,
				D4609A6616EA1D0C0066DEFF /* Spore.cpp in Sources */,
				D4609A6916EA1D5C0066DEFF /* Egg.cpp in Sources */,
				D4609A6C16EA1D870066DEFF /* Plankton.cpp in Sources */,
				D4609A7216EA1DE40066DEFF /* Swimmer.cpp in Sources */,
				D4609A7516EA1E0B0066DEFF /* Jelly.cpp in Sources */,
				D4609A7816EA1E340066DEFF /* Starfish.cpp in Sources */,
				D4609A7B16EA1E6D0066DEFF /* Spark.cpp in Sources */,
				D4609A7E16EA1EAA0066DEFF /* Tail.cpp in Sources */,
				D4609A8116EA1ECD0066DEFF /* Finite.cpp in Sources */,
				D4609A8416EA1EF40066DEFF /* Dust.cpp in Sources */,
				D4609A8716EA1F940066DEFF /* Splash.cpp in Sources */,
				D4609A8A16EA1FE10066DEFF /* Feeler.cpp in Sources */,
				D4609A8D16EA21D90066DEFF /* Globals.cpp in Sources */,
				D4609AC316EA2CED0066DEFF /* OSCManager.cpp in Sources */,
				D4609AE816EA3EC30066DEFF /* Mask.cpp in Sources */,
				D4609AEB16EA3F300066DEFF /* Beam.cpp in Sources */,
				D4609AEE16EA400B0066DEFF /* Images.cpp in Sources */,
				D4609AF616EA4CD90066DEFF /* Spring.cpp in Sources */,
				D4BDE7DE16EB6CF900FF6E76 /* OscBundle.cpp in Sources */,
				D4BDE7DF16EB6CF900FF6E76 /* OscListener.cpp in Sources */,
				D4BDE7E016EB6CF900FF6E76 /* OscMessage.cpp in Sources */,
				D4BDE7E116EB6CF900FF6E76 /* OscSender.cpp in Sources */,
				D43FC2DD16EBAAF80088577B /* Bubble.cpp in Sources */,
				D43FC2E016EBB4090088577B /* EnvironmentManager.cpp in Sources */,
				D461A93C16EF66300035AC50 /* SeaSurface.cpp in Sources */,
				D4E7B18A16F0F9A3008C7410 /* Menu.cpp in Sources */,
				D4A2C6F61701F37E00BA1399 /* SeaFloor.cpp in Sources */,
			);
			runOnlyForDeploymentPostprocessing = 0;
		};
/* End PBXSourcesBuildPhase section */

/* Begin XCBuildConfiguration section */
		C01FCF4B08A954540054247B /* Debug */ = {
			isa = XCBuildConfiguration;
			buildSettings = {
				ARCHS = "$(ARCHS_STANDARD_32_BIT)";
				COMBINE_HIDPI_IMAGES = YES;
				COPY_PHASE_STRIP = NO;
				GCC_DYNAMIC_NO_PIC = NO;
				GCC_INLINES_ARE_PRIVATE_EXTERN = NO;
				GCC_MODEL_TUNING = G5;
				GCC_OPTIMIZATION_LEVEL = 0;
				GCC_PRECOMPILE_PREFIX_HEADER = YES;
				GCC_PREFIX_HEADER = Cellv0_Prefix.pch;
				GCC_SYMBOLS_PRIVATE_EXTERN = NO;
				INFOPLIST_FILE = Info.plist;
				INSTALL_PATH = "$(HOME)/Applications";
				LIBRARY_SEARCH_PATHS = (
					"$(inherited)",
					"\"$(SYSTEM_APPS_DIR)/cinder_0.8.4_mac/blocks/osc/lib/iphone\"",
					"\"$(SYSTEM_APPS_DIR)/cinder_0.8.4_mac/blocks/osc/lib/macosx\"",
				);
				MACOSX_DEPLOYMENT_TARGET = 10.8;
				OTHER_LDFLAGS = (
					"$(CINDER_PATH)/blocks/osc/lib/macosx/osc.a",
					"-lcurl",
					"$(CINDER_PATH)/lib/libcinder_d.a",
				);
				PRODUCT_NAME = Cellv0;
				SDKROOT = "";
				SYMROOT = ./build;
				USER_HEADER_SEARCH_PATHS = "\"$(CINDER_PATH)/blocks/osc/include\" \"$(CINDER_PATH)/include\" ../include";
				WRAPPER_EXTENSION = app;
			};
			name = Debug;
		};
		C01FCF4C08A954540054247B /* Release */ = {
			isa = XCBuildConfiguration;
			buildSettings = {
				ARCHS = "$(ARCHS_STANDARD_32_BIT)";
				COMBINE_HIDPI_IMAGES = YES;
				DEAD_CODE_STRIPPING = YES;
				DEBUG_INFORMATION_FORMAT = "dwarf-with-dsym";
				GCC_FAST_MATH = YES;
				GCC_GENERATE_DEBUGGING_SYMBOLS = NO;
				GCC_INLINES_ARE_PRIVATE_EXTERN = NO;
				GCC_MODEL_TUNING = G5;
				GCC_OPTIMIZATION_LEVEL = 3;
				GCC_PRECOMPILE_PREFIX_HEADER = YES;
				GCC_PREFIX_HEADER = Cellv0_Prefix.pch;
				GCC_SYMBOLS_PRIVATE_EXTERN = NO;
				INFOPLIST_FILE = Info.plist;
				INSTALL_PATH = "$(HOME)/Applications";
				LIBRARY_SEARCH_PATHS = (
					"$(inherited)",
					"\"$(SYSTEM_APPS_DIR)/cinder_0.8.4_mac/blocks/osc/lib/iphone\"",
					"\"$(SYSTEM_APPS_DIR)/cinder_0.8.4_mac/blocks/osc/lib/macosx\"",
				);
				MACOSX_DEPLOYMENT_TARGET = 10.8;
				OTHER_LDFLAGS = (
					"$(CINDER_PATH)/blocks/osc/lib/macosx/osc.a",
					"-lcurl",
					"$(CINDER_PATH)/lib/libcinder_d.a",
				);
				PRODUCT_NAME = Cellv0;
				SDKROOT = "";
				STRIP_INSTALLED_PRODUCT = YES;
				SYMROOT = ./build;
				USER_HEADER_SEARCH_PATHS = "\"$(CINDER_PATH)/blocks/osc/include\" \"$(CINDER_PATH)/include\" ../include";
				WRAPPER_EXTENSION = app;
			};
			name = Release;
		};
		C01FCF4F08A954540054247B /* Debug */ = {
			isa = XCBuildConfiguration;
			buildSettings = {
				ALWAYS_SEARCH_USER_PATHS = YES;
				ARCHS = i386;
				CINDER_PATH = ../../../../../../Applications/cinder_0.8.4_mac;
				GCC_WARN_ABOUT_RETURN_TYPE = YES;
				GCC_WARN_UNUSED_VARIABLE = YES;
				HEADER_SEARCH_PATHS = "\"$(CINDER_PATH)/boost\"";
				MACOSX_DEPLOYMENT_TARGET = 10.8;
				OTHER_LDFLAGS = "";
				SDKROOT = "$(DEVELOPER_SDK_DIR)/MacOSX10.6.sdk";
				USER_HEADER_SEARCH_PATHS = "../include \"$(CINDER_PATH)/include\" \"$(CINDER_PATH)/blocks/osc/include\"";
			};
			name = Debug;
		};
		C01FCF5008A954540054247B /* Release */ = {
			isa = XCBuildConfiguration;
			buildSettings = {
				ALWAYS_SEARCH_USER_PATHS = YES;
				ARCHS = i386;
				CINDER_PATH = ../../../../../../Applications/cinder_0.8.4_mac;
				GCC_WARN_ABOUT_RETURN_TYPE = YES;
				GCC_WARN_UNUSED_VARIABLE = YES;
				HEADER_SEARCH_PATHS = "\"$(CINDER_PATH)/boost\"";
				MACOSX_DEPLOYMENT_TARGET = 10.8;
				OTHER_LDFLAGS = "";
				SDKROOT = "$(DEVELOPER_SDK_DIR)/MacOSX10.6.sdk";
				USER_HEADER_SEARCH_PATHS = "../include \"$(CINDER_PATH)/include\" \"$(CINDER_PATH)/blocks/osc/include\"";
			};
			name = Release;
		};
/* End XCBuildConfiguration section */

/* Begin XCConfigurationList section */
		C01FCF4A08A954540054247B /* Build configuration list for PBXNativeTarget "Cellv0" */ = {
			isa = XCConfigurationList;
			buildConfigurations = (
				C01FCF4B08A954540054247B /* Debug */,
				C01FCF4C08A954540054247B /* Release */,
			);
			defaultConfigurationIsVisible = 0;
			defaultConfigurationName = Release;
		};
		C01FCF4E08A954540054247B /* Build configuration list for PBXProject "Cellv0" */ = {
			isa = XCConfigurationList;
			buildConfigurations = (
				C01FCF4F08A954540054247B /* Debug */,
				C01FCF5008A954540054247B /* Release */,
			);
			defaultConfigurationIsVisible = 0;
			defaultConfigurationName = Release;
		};
/* End XCConfigurationList section */
	};
	rootObject = 29B97313FDCFA39411CA2CEA /* Project object */;
}
